[{<<"active">>,
  {git,"https://github.com/proger/active",
       {ref,"974e6e748695c819128d51a0ca3b59f349d447af"}},
  0},
 {<<"erlfsmon">>,
  {git,"git://github.com/proger/erlfsmon",
       {ref,"12759ab5e531d89768e14078f130daf9e5969749"}},
  1},
 {<<"erlsh">>,
  {git,"https://github.com/proger/erlsh",
       {ref,"2fce5134f969be3b92ec501d9caa17e4122ba9aa"}},
  0},
 {<<"fn">>,
  {git,"https://github.com/reiddraper/fn",
       {ref,"1e8f3f43e5fa6e5e68eb19184fa60d8da5de99d0"}},
  0},
 {<<"goldrush">>,
  {git,"git://github.com/DeadZen/goldrush.git",
       {ref,"64864ba7fcf40988361340e48680b49a2c2938cf"}},
  1},
 {<<"hackney">>,
  {git,"https://github.com/benoitc/hackney",
       {ref,"5b0f7eb949ebebd6fabfbc4e08a7b7231850606a"}},
  0},
 {<<"jsx">>,
  {git,"https://github.com/talentdeficit/jsx",
       {ref,"3074d4865b3385a050badf7828ad31490d860df5"}},
  0},
 {<<"lager">>,
  {git,"https://github.com/basho/lager",
       {ref,"599dda6786a81200e00b3d9b4b36951e052727a3"}},
  0},
 {<<"mimetypes">>,
  {git,"https://github.com/spawngrid/mimetypes.git",
       {ref,"47d37a977a7d633199822bf6b08353007483d00f"}},
  1}].
